
Microsoft Visual Studio Solution File, Format Version 12.00
# Visual Studio Version 17
VisualStudioVersion = 17.14.36414.22 d17.14
MinimumVisualStudioVersion = 10.0.40219.1
Project("{FAE04EC0-301F-11D3-BF4B-00C04F79EFBC}") = "ProdAndLog", "ProdAndLog.csproj", "{CCE4377C-7F5E-4B63-941A-DF0ED355F2E9}"
EndProject
Global
	GlobalSection(SolutionConfigurationPlatforms) = preSolution
		Debug|Any CPU = Debug|Any CPU
		Release|Any CPU = Release|Any CPU
	EndGlobalSection
	GlobalSection(ProjectConfigurationPlatforms) = postSolution
		{CCE4377C-7F5E-4B63-941A-DF0ED355F2E9}.Debug|Any CPU.ActiveCfg = Debug|Any CPU
		{CCE4377C-7F5E-4B63-941A-DF0ED355F2E9}.Debug|Any CPU.Build.0 = Debug|Any CPU
		{CCE4377C-7F5E-4B63-941A-DF0ED355F2E9}.Release|Any CPU.ActiveCfg = Release|Any CPU
		{CCE4377C-7F5E-4B63-941A-DF0ED355F2E9}.Release|Any CPU.Build.0 = Release|Any CPU
	EndGlobalSection
	GlobalSection(SolutionProperties) = preSolution
		HideSolutionNode = FALSE
	EndGlobalSection
	GlobalSection(ExtensibilityGlobals) = postSolution
		SolutionGuid = {3110CB81-8AD2-41A9-A3E4-659092218C72}
	EndGlobalSection
EndGlobal
